
Microsoft Visual Studio Solution File, Format Version 12.00
# Visual Studio Version 16
VisualStudioVersion = 16.0.32106.194
MinimumVisualStudioVersion = 10.0.40219.1
Project("{FAE04EC0-301F-11D3-BF4B-00C04F79EFBC}") = "jmal", "jmal\jmal.csproj", "{4E0858A0-DE72-4332-869B-AD4685622FC4}"
EndProject
Global
	GlobalSection(SolutionConfigurationPlatforms) = preSolution
		Debug|Any CPU = Debug|Any CPU
		Release|Any CPU = Release|Any CPU
	EndGlobalSection
	GlobalSection(ProjectConfigurationPlatforms) = postSolution
		{4E0858A0-DE72-4332-869B-AD4685622FC4}.Debug|Any CPU.ActiveCfg = Debug|Any CPU
		{4E0858A0-DE72-4332-869B-AD4685622FC4}.Debug|Any CPU.Build.0 = Debug|Any CPU
		{4E0858A0-DE72-4332-869B-AD4685622FC4}.Release|Any CPU.ActiveCfg = Release|Any CPU
		{4E0858A0-DE72-4332-869B-AD4685622FC4}.Release|Any CPU.Build.0 = Release|Any CPU
	EndGlobalSection
	GlobalSection(SolutionProperties) = preSolution
		HideSolutionNode = FALSE
	EndGlobalSection
	GlobalSection(ExtensibilityGlobals) = postSolution
		SolutionGuid = {D3F5A982-CD36-4C60-A174-877C1B355417}
	EndGlobalSection
EndGlobal
